
Microsoft Visual Studio Solution File, Format Version 12.00
# Visual Studio Version 16
VisualStudioVersion = 16.0.30413.136
MinimumVisualStudioVersion = 10.0.40219.1
Project("{FAE04EC0-301F-11D3-BF4B-00C04F79EFBC}") = "DOTR Modding Tool", "DOTR Modding Tool.csproj", "{1A59C05E-1391-4478-9B75-5BF16931E859}"
EndProject
Global
	GlobalSection(SolutionConfigurationPlatforms) = preSolution
		Debug|Any CPU = Debug|Any CPU
		Release|Any CPU = Release|Any CPU
	EndGlobalSection
	GlobalSection(ProjectConfigurationPlatforms) = postSolution
		{1A59C05E-1391-4478-9B75-5BF16931E859}.Debug|Any CPU.ActiveCfg = Debug|Any CPU
		{1A59C05E-1391-4478-9B75-5BF16931E859}.Debug|Any CPU.Build.0 = Debug|Any CPU
		{1A59C05E-1391-4478-9B75-5BF16931E859}.Release|Any CPU.ActiveCfg = Release|Any CPU
		{1A59C05E-1391-4478-9B75-5BF16931E859}.Release|Any CPU.Build.0 = Release|Any CPU
	EndGlobalSection
	GlobalSection(SolutionProperties) = preSolution
		HideSolutionNode = FALSE
	EndGlobalSection
	GlobalSection(ExtensibilityGlobals) = postSolution
		SolutionGuid = {B05658FE-BEB4-43F8-836F-742FD42C73AE}
	EndGlobalSection
EndGlobal
